// !$*UTF8*$!
{
	archiveVersion = 1;
	classes = {
	};
	objectVersion = 50;
	objects = {

/* Begin PBXBuildFile section */
		8E1C39C22447C2060028591B /* AppDelegate.swift in Sources */ = {isa = PBXBuildFile; fileRef = 8E1C39C12447C2060028591B /* AppDelegate.swift */; };
		8E1C39C42447C2060028591B /* SceneDelegate.swift in Sources */ = {isa = PBXBuildFile; fileRef = 8E1C39C32447C2060028591B /* SceneDelegate.swift */; };
		8E1C39C62447C2060028591B /* ContentView.swift in Sources */ = {isa = PBXBuildFile; fileRef = 8E1C39C52447C2060028591B /* ContentView.swift */; };
		8E1C39C82447C20B0028591B /* Assets.xcassets in Resources */ = {isa = PBXBuildFile; fileRef = 8E1C39C72447C20B0028591B /* Assets.xcassets */; };
		8E1C39CB2447C20B0028591B /* Preview Assets.xcassets in Resources */ = {isa = PBXBuildFile; fileRef = 8E1C39CA2447C20B0028591B /* Preview Assets.xcassets */; };
		8E1C39CE2447C20B0028591B /* LaunchScreen.storyboard in Resources */ = {isa = PBXBuildFile; fileRef = 8E1C39CC2447C20B0028591B /* LaunchScreen.storyboard */; };
		8E1C39D92447C20B0028591B /* FoodTrackerTests.swift in Sources */ = {isa = PBXBuildFile; fileRef = 8E1C39D82447C20B0028591B /* FoodTrackerTests.swift */; };
		8E1C39E42447EEA80028591B /* PlaySound.swift in Sources */ = {isa = PBXBuildFile; fileRef = 8E1C39E32447EEA80028591B /* PlaySound.swift */; };
		8E1C39E6244807290028591B /* bell_sound.wav in Resources */ = {isa = PBXBuildFile; fileRef = 8E1C39E5244807280028591B /* bell_sound.wav */; };
/* End PBXBuildFile section */

/* Begin PBXContainerItemProxy section */
		8E1C39D52447C20B0028591B /* PBXContainerItemProxy */ = {
			isa = PBXContainerItemProxy;
			containerPortal = 8E1C39B62447C2060028591B /* Project object */;
			proxyType = 1;
			remoteGlobalIDString = 8E1C39BD2447C2060028591B;
			remoteInfo = FoodTracker;
		};
/* End PBXContainerItemProxy section */

/* Begin PBXFileReference section */
		8E1C39BE2447C2060028591B /* FoodTracker.app */ = {isa = PBXFileReference; explicitFileType = wrapper.application; includeInIndex = 0; path = FoodTracker.app; sourceTree = BUILT_PRODUCTS_DIR; };
		8E1C39C12447C2060028591B /* AppDelegate.swift */ = {isa = PBXFileReference; lastKnownFileType = sourcecode.swift; path = AppDelegate.swift; sourceTree = "<group>"; };
		8E1C39C32447C2060028591B /* SceneDelegate.swift */ = {isa = PBXFileReference; lastKnownFileType = sourcecode.swift; path = SceneDelegate.swift; sourceTree = "<group>"; };
		8E1C39C52447C2060028591B /* ContentView.swift */ = {isa = PBXFileReference; lastKnownFileType = sourcecode.swift; path = ContentView.swift; sourceTree = "<group>"; };
		8E1C39C72447C20B0028591B /* Assets.xcassets */ = {isa = PBXFileReference; lastKnownFileType = folder.assetcatalog; path = Assets.xcassets; sourceTree = "<group>"; };
		8E1C39CA2447C20B0028591B /* Preview Assets.xcassets */ = {isa = PBXFileReference; lastKnownFileType = folder.assetcatalog; path = "Preview Assets.xcassets"; sourceTree = "<group>"; };
		8E1C39CD2447C20B0028591B /* Base */ = {isa = PBXFileReference; lastKnownFileType = file.storyboard; name = Base; path = Base.lproj/LaunchScreen.storyboard; sourceTree = "<group>"; };
		8E1C39CF2447C20B0028591B /* Info.plist */ = {isa = PBXFileReference; lastKnownFileType = text.plist.xml; path = Info.plist; sourceTree = "<group>"; };
		8E1C39D42447C20B0028591B /* FoodTrackerTests.xctest */ = {isa = PBXFileReference; explicitFileType = wrapper.cfbundle; includeInIndex = 0; path = FoodTrackerTests.xctest; sourceTree = BUILT_PRODUCTS_DIR; };
		8E1C39D82447C20B0028591B /* FoodTrackerTests.swift */ = {isa = PBXFileReference; lastKnownFileType = sourcecode.swift; path = FoodTrackerTests.swift; sourceTree = "<group>"; };
		8E1C39DA2447C20B0028591B /* Info.plist */ = {isa = PBXFileReference; lastKnownFileType = text.plist.xml; path = Info.plist; sourceTree = "<group>"; };
		8E1C39E32447EEA80028591B /* PlaySound.swift */ = {isa = PBXFileReference; lastKnownFileType = sourcecode.swift; path = PlaySound.swift; sourceTree = "<group>"; };
		8E1C39E5244807280028591B /* bell_sound.wav */ = {isa = PBXFileReference; lastKnownFileType = audio.wav; name = bell_sound.wav; path = ../../bell_sound.wav; sourceTree = "<group>"; };
/* End PBXFileReference section */

/* Begin PBXFrameworksBuildPhase section */
		8E1C39BB2447C2060028591B /* Frameworks */ = {
			isa = PBXFrameworksBuildPhase;
			buildActionMask = 2147483647;
			files = (
			);
			runOnlyForDeploymentPostprocessing = 0;
		};
		8E1C39D12447C20B0028591B /* Frameworks */ = {
			isa = PBXFrameworksBuildPhase;
			buildActionMask = 2147483647;
			files = (
			);
			runOnlyForDeploymentPostprocessing = 0;
		};
/* End PBXFrameworksBuildPhase section */

/* Begin PBXGroup section */
		8E1C39B52447C2060028591B = {
			isa = PBXGroup;
			children = (
				8E1C39C02447C2060028591B /* FoodTracker */,
				8E1C39D72447C20B0028591B /* FoodTrackerTests */,
				8E1C39BF2447C2060028591B /* Products */,
			);
			sourceTree = "<group>";
		};
		8E1C39BF2447C2060028591B /* Products */ = {
			isa = PBXGroup;
			children = (
				8E1C39BE2447C2060028591B /* FoodTracker.app */,
				8E1C39D42447C20B0028591B /* FoodTrackerTests.xctest */,
			);
			name = Products;
			sourceTree = "<group>";
		};
		8E1C39C02447C2060028591B /* FoodTracker */ = {
			isa = PBXGroup;
			children = (
				8E1C39E5244807280028591B /* bell_sound.wav */,
				8E1C39C12447C2060028591B /* AppDelegate.swift */,
				8E1C39C32447C2060028591B /* SceneDelegate.swift */,
				8E1C39C52447C2060028591B /* ContentView.swift */,
				8E1C39E32447EEA80028591B /* PlaySound.swift */,
				8E1C39C72447C20B0028591B /* Assets.xcassets */,
				8E1C39CC2447C20B0028591B /* LaunchScreen.storyboard */,
				8E1C39CF2447C20B0028591B /* Info.plist */,
				8E1C39C92447C20B0028591B /* Preview Content */,
			);
			path = FoodTracker;
			sourceTree = "<group>";
		};
		8E1C39C92447C20B0028591B /* Preview Content */ = {
			isa = PBXGroup;
			children = (
				8E1C39CA2447C20B0028591B /* Preview Assets.xcassets */,
			);
			path = "Preview Content";
			sourceTree = "<group>";
		};
		8E1C39D72447C20B0028591B /* FoodTrackerTests */ = {
			isa = PBXGroup;
			children = (
				8E1C39D82447C20B0028591B /* FoodTrackerTests.swift */,
				8E1C39DA2447C20B0028591B /* Info.plist */,
			);
			path = FoodTrackerTests;
			sourceTree = "<group>";
		};
/* End PBXGroup section */

/* Begin PBXNativeTarget section */
		8E1C39BD2447C2060028591B /* FoodTracker */ = {
			isa = PBXNativeTarget;
			buildConfigurationList = 8E1C39DD2447C20B0028591B /* Build configuration list for PBXNativeTarget "FoodTracker" */;
			buildPhases = (
				8E1C39BA2447C2060028591B /* Sources */,
				8E1C39BB2447C2060028591B /* Frameworks */,
				8E1C39BC2447C2060028591B /* Resources */,
			);
			buildRules = (
			);
			dependencies = (
			);
			name = FoodTracker;
			productName = FoodTracker;
			productReference = 8E1C39BE2447C2060028591B /* FoodTracker.app */;
			productType = "com.apple.product-type.application";
		};
		8E1C39D32447C20B0028591B /* FoodTrackerTests */ = {
			isa = PBXNativeTarget;
			buildConfigurationList = 8E1C39E02447C20B0028591B /* Build configuration list for PBXNativeTarget "FoodTrackerTests" */;
			buildPhases = (
				8E1C39D02447C20B0028591B /* Sources */,
				8E1C39D12447C20B0028591B /* Frameworks */,
				8E1C39D22447C20B0028591B /* Resources */,
			);
			buildRules = (
			);
			dependencies = (
				8E1C39D62447C20B0028591B /* PBXTargetDependency */,
			);
			name = FoodTrackerTests;
			productName = FoodTrackerTests;
			productReference = 8E1C39D42447C20B0028591B /* FoodTrackerTests.xctest */;
			productType = "com.apple.product-type.bundle.unit-test";
		};
/* End PBXNativeTarget section */

/* Begin PBXProject section */
		8E1C39B62447C2060028591B /* Project object */ = {
			isa = PBXProject;
			attributes = {
				LastSwiftUpdateCheck = 1140;
				LastUpgradeCheck = 1140;
				ORGANIZATIONNAME = "Liang Arthur";
				TargetAttributes = {
					8E1C39BD2447C2060028591B = {
						CreatedOnToolsVersion = 11.4;
					};
					8E1C39D32447C20B0028591B = {
						CreatedOnToolsVersion = 11.4;
						TestTargetID = 8E1C39BD2447C2060028591B;
					};
				};
			};
			buildConfigurationList = 8E1C39B92447C2060028591B /* Build configuration list for PBXProject "FoodTracker" */;
			compatibilityVersion = "Xcode 9.3";
			developmentRegion = en;
			hasScannedForEncodings = 0;
			knownRegions = (
				en,
				Base,
			);
			mainGroup = 8E1C39B52447C2060028591B;
			productRefGroup = 8E1C39BF2447C2060028591B /* Products */;
			projectDirPath = "";
			projectRoot = "";
			targets = (
				8E1C39BD2447C2060028591B /* FoodTracker */,
				8E1C39D32447C20B0028591B /* FoodTrackerTests */,
			);
		};
/* End PBXProject section */

/* Begin PBXResourcesBuildPhase section */
		8E1C39BC2447C2060028591B /* Resources */ = {
			isa = PBXResourcesBuildPhase;
			buildActionMask = 2147483647;
			files = (
				8E1C39CE2447C20B0028591B /* LaunchScreen.storyboard in Resources */,
				8E1C39E6244807290028591B /* bell_sound.wav in Resources */,
				8E1C39CB2447C20B0028591B /* Preview Assets.xcassets in Resources */,
				8E1C39C82447C20B0028591B /* Assets.xcassets in Resources */,
			);
			runOnlyForDeploymentPostprocessing = 0;
		};
		8E1C39D22447C20B0028591B /* Resources */ = {
			isa = PBXResourcesBuildPhase;
			buildActionMask = 2147483647;
			files = (
			);
			runOnlyForDeploymentPostprocessing = 0;
		};
/* End PBXResourcesBuildPhase section */

/* Begin PBXSourcesBuildPhase section */
		8E1C39BA2447C2060028591B /* Sources */ = {
			isa = PBXSourcesBuildPhase;
			buildActionMask = 2147483647;
			files = (
				8E1C39C22447C2060028591B /* AppDelegate.swift in Sources */,
				8E1C39E42447EEA80028591B /* PlaySound.swift in Sources */,
				8E1C39C42447C2060028591B /* SceneDelegate.swift in Sources */,
				8E1C39C62447C2060028591B /* ContentView.swift in Sources */,
			);
			runOnlyForDeploymentPostprocessing = 0;
		};
		8E1C39D02447C20B0028591B /* Sources */ = {
			isa = PBXSourcesBuildPhase;
			buildActionMask = 2147483647;
			files = (
				8E1C39D92447C20B0028591B /* FoodTrackerTests.swift in Sources */,
			);
			runOnlyForDeploymentPostprocessing = 0;
		};
/* End PBXSourcesBuildPhase section */

/* Begin PBXTargetDependency section */
		8E1C39D62447C20B0028591B /* PBXTargetDependency */ = {
			isa = PBXTargetDependency;
			target = 8E1C39BD2447C2060028591B /* FoodTracker */;
			targetProxy = 8E1C39D52447C20B0028591B /* PBXContainerItemProxy */;
		};
/* End PBXTargetDependency section */

/* Begin PBXVariantGroup section */
		8E1C39CC2447C20B0028591B /* LaunchScreen.storyboard */ = {
			isa = PBXVariantGroup;
			children = (
				8E1C39CD2447C20B0028591B /* Base */,
			);
			name = LaunchScreen.storyboard;
			sourceTree = "<group>";
		};
/* End PBXVariantGroup section */

/* Begin XCBuildConfiguration section */
		8E1C39DB2447C20B0028591B /* Debug */ = {
			isa = XCBuildConfiguration;
			buildSettings = {
				ALWAYS_SEARCH_USER_PATHS = NO;
				CLANG_ANALYZER_NONNULL = YES;
				CLANG_ANALYZER_NUMBER_OBJECT_CONVERSION = YES_AGGRESSIVE;
				CLANG_CXX_LANGUAGE_STANDARD = "gnu++14";
				CLANG_CXX_LIBRARY = "libc++";
				CLANG_ENABLE_MODULES = YES;
				CLANG_ENABLE_OBJC_ARC = YES;
				CLANG_ENABLE_OBJC_WEAK = YES;
				CLANG_WARN_BLOCK_CAPTURE_AUTORELEASING = YES;
				CLANG_WARN_BOOL_CONVERSION = YES;
				CLANG_WARN_COMMA = YES;
				CLANG_WARN_CONSTANT_CONVERSION = YES;
				CLANG_WARN_DEPRECATED_OBJC_IMPLEMENTATIONS = YES;
				CLANG_WARN_DIRECT_OBJC_ISA_USAGE = YES_ERROR;
				CLANG_WARN_DOCUMENTATION_COMMENTS = YES;
				CLANG_WARN_EMPTY_BODY = YES;
				CLANG_WARN_ENUM_CONVERSION = YES;
				CLANG_WARN_INFINITE_RECURSION = YES;
				CLANG_WARN_INT_CONVERSION = YES;
				CLANG_WARN_NON_LITERAL_NULL_CONVERSION = YES;
				CLANG_WARN_OBJC_IMPLICIT_RETAIN_SELF = YES;
				CLANG_WARN_OBJC_LITERAL_CONVERSION = YES;
				CLANG_WARN_OBJC_ROOT_CLASS = YES_ERROR;
				CLANG_WARN_RANGE_LOOP_ANALYSIS = YES;
				CLANG_WARN_STRICT_PROTOTYPES = YES;
				CLANG_WARN_SUSPICIOUS_MOVE = YES;
				CLANG_WARN_UNGUARDED_AVAILABILITY = YES_AGGRESSIVE;
				CLANG_WARN_UNREACHABLE_CODE = YES;
				CLANG_WARN__DUPLICATE_METHOD_MATCH = YES;
				COPY_PHASE_STRIP = NO;
				DEBUG_INFORMATION_FORMAT = dwarf;
				ENABLE_STRICT_OBJC_MSGSEND = YES;
				ENABLE_TESTABILITY = YES;
				GCC_C_LANGUAGE_STANDARD = gnu11;
				GCC_DYNAMIC_NO_PIC = NO;
				GCC_NO_COMMON_BLOCKS = YES;
				GCC_OPTIMIZATION_LEVEL = 0;
				GCC_PREPROCESSOR_DEFINITIONS = (
					"DEBUG=1",
					"$(inherited)",
				);
				GCC_WARN_64_TO_32_BIT_CONVERSION = YES;
				GCC_WARN_ABOUT_RETURN_TYPE = YES_ERROR;
				GCC_WARN_UNDECLARED_SELECTOR = YES;
				GCC_WARN_UNINITIALIZED_AUTOS = YES_AGGRESSIVE;
				GCC_WARN_UNUSED_FUNCTION = YES;
				GCC_WARN_UNUSED_VARIABLE = YES;
				IPHONEOS_DEPLOYMENT_TARGET = 13.4;
				MTL_ENABLE_DEBUG_INFO = INCLUDE_SOURCE;
				MTL_FAST_MATH = YES;
				ONLY_ACTIVE_ARCH = YES;
				SDKROOT = iphoneos;
				SWIFT_ACTIVE_COMPILATION_CONDITIONS = DEBUG;
				SWIFT_OPTIMIZATION_LEVEL = "-Onone";
			};
			name = Debug;
		};
		8E1C39DC2447C20B0028591B /* Release */ = {
			isa = XCBuildConfiguration;
			buildSettings = {
				ALWAYS_SEARCH_USER_PATHS = NO;
				CLANG_ANALYZER_NONNULL = YES;
				CLANG_ANALYZER_NUMBER_OBJECT_CONVERSION = YES_AGGRESSIVE;
				CLANG_CXX_LANGUAGE_STANDARD = "gnu++14";
				CLANG_CXX_LIBRARY = "libc++";
				CLANG_ENABLE_MODULES = YES;
				CLANG_ENABLE_OBJC_ARC = YES;
				CLANG_ENABLE_OBJC_WEAK = YES;
				CLANG_WARN_BLOCK_CAPTURE_AUTORELEASING = YES;
				CLANG_WARN_BOOL_CONVERSION = YES;
				CLANG_WARN_COMMA = YES;
				CLANG_WARN_CONSTANT_CONVERSION = YES;
				CLANG_WARN_DEPRECATED_OBJC_IMPLEMENTATIONS = YES;
				CLANG_WARN_DIRECT_OBJC_ISA_USAGE = YES_ERROR;
				CLANG_WARN_DOCUMENTATION_COMMENTS = YES;
				CLANG_WARN_EMPTY_BODY = YES;
				CLANG_WARN_ENUM_CONVERSION = YES;
				CLANG_WARN_INFINITE_RECURSION = YES;
				CLANG_WARN_INT_CONVERSION = YES;
				CLANG_WARN_NON_LITERAL_NULL_CONVERSION = YES;
				CLANG_WARN_OBJC_IMPLICIT_RETAIN_SELF = YES;
				CLANG_WARN_OBJC_LITERAL_CONVERSION = YES;
				CLANG_WARN_OBJC_ROOT_CLASS = YES_ERROR;
				CLANG_WARN_RANGE_LOOP_ANALYSIS = YES;
				CLANG_WARN_STRICT_PROTOTYPES = YES;
				CLANG_WARN_SUSPICIOUS_MOVE = YES;
				CLANG_WARN_UNGUARDED_AVAILABILITY = YES_AGGRESSIVE;
				CLANG_WARN_UNREACHABLE_CODE = YES;
				CLANG_WARN__DUPLICATE_METHOD_MATCH = YES;
				COPY_PHASE_STRIP = NO;
				DEBUG_INFORMATION_FORMAT = "dwarf-with-dsym";
				ENABLE_NS_ASSERTIONS = NO;
				ENABLE_STRICT_OBJC_MSGSEND = YES;
				GCC_C_LANGUAGE_STANDARD = gnu11;
				GCC_NO_COMMON_BLOCKS = YES;
				GCC_WARN_64_TO_32_BIT_CONVERSION = YES;
				GCC_WARN_ABOUT_RETURN_TYPE = YES_ERROR;
				GCC_WARN_UNDECLARED_SELECTOR = YES;
				GCC_WARN_UNINITIALIZED_AUTOS = YES_AGGRESSIVE;
				GCC_WARN_UNUSED_FUNCTION = YES;
				GCC_WARN_UNUSED_VARIABLE = YES;
				IPHONEOS_DEPLOYMENT_TARGET = 13.4;
				MTL_ENABLE_DEBUG_INFO = NO;
				MTL_FAST_MATH = YES;
				SDKROOT = iphoneos;
				SWIFT_COMPILATION_MODE = wholemodule;
				SWIFT_OPTIMIZATION_LEVEL = "-O";
				VALIDATE_PRODUCT = YES;
			};
			name = Release;
		};
		8E1C39DE2447C20B0028591B /* Debug */ = {
			isa = XCBuildConfiguration;
			buildSettings = {
				ASSETCATALOG_COMPILER_APPICON_NAME = AppIcon;
				CODE_SIGN_STYLE = Automatic;
				DEVELOPMENT_ASSET_PATHS = "\"FoodTracker/Preview Content\"";
				DEVELOPMENT_TEAM = 8NUPNPMMNT;
				ENABLE_PREVIEWS = YES;
				INFOPLIST_FILE = FoodTracker/Info.plist;
				LD_RUNPATH_SEARCH_PATHS = (
					"$(inherited)",
					"@executable_path/Frameworks",
				);
				PRODUCT_BUNDLE_IDENTIFIER = com.example.practice123.FoodTracker;
				PRODUCT_NAME = "$(TARGET_NAME)";
				SWIFT_VERSION = 5.0;
				TARGETED_DEVICE_FAMILY = "1,2";
			};
			name = Debug;
		};
		8E1C39DF2447C20B0028591B /* Release */ = {
			isa = XCBuildConfiguration;
			buildSettings = {
				ASSETCATALOG_COMPILER_APPICON_NAME = AppIcon;
				CODE_SIGN_STYLE = Automatic;
				DEVELOPMENT_ASSET_PATHS = "\"FoodTracker/Preview Content\"";
				DEVELOPMENT_TEAM = 8NUPNPMMNT;
				ENABLE_PREVIEWS = YES;
				INFOPLIST_FILE = FoodTracker/Info.plist;
				LD_RUNPATH_SEARCH_PATHS = (
					"$(inherited)",
					"@executable_path/Frameworks",
				);
				PRODUCT_BUNDLE_IDENTIFIER = com.example.practice123.FoodTracker;
				PRODUCT_NAME = "$(TARGET_NAME)";
				SWIFT_VERSION = 5.0;
				TARGETED_DEVICE_FAMILY = "1,2";
			};
			name = Release;
		};
		8E1C39E12447C20B0028591B /* Debug */ = {
			isa = XCBuildConfiguration;
			buildSettings = {
				ALWAYS_EMBED_SWIFT_STANDARD_LIBRARIES = YES;
				BUNDLE_LOADER = "$(TEST_HOST)";
				CODE_SIGN_STYLE = Automatic;
				INFOPLIST_FILE = FoodTrackerTests/Info.plist;
				IPHONEOS_DEPLOYMENT_TARGET = 13.4;
				LD_RUNPATH_SEARCH_PATHS = (
					"$(inherited)",
					"@executable_path/Frameworks",
					"@loader_path/Frameworks",
				);
				PRODUCT_BUNDLE_IDENTIFIER = com.example.FoodTrackerTests;
				PRODUCT_NAME = "$(TARGET_NAME)";
				SWIFT_VERSION = 5.0;
				TARGETED_DEVICE_FAMILY = "1,2";
				TEST_HOST = "$(BUILT_PRODUCTS_DIR)/FoodTracker.app/FoodTracker";
			};
			name = Debug;
		};
		8E1C39E22447C20B0028591B /* Release */ = {
			isa = XCBuildConfiguration;
			buildSettings = {
				ALWAYS_EMBED_SWIFT_STANDARD_LIBRARIES = YES;
				BUNDLE_LOADER = "$(TEST_HOST)";
				CODE_SIGN_STYLE = Automatic;
				INFOPLIST_FILE = FoodTrackerTests/Info.plist;
				IPHONEOS_DEPLOYMENT_TARGET = 13.4;
				LD_RUNPATH_SEARCH_PATHS = (
					"$(inherited)",
					"@executable_path/Frameworks",
					"@loader_path/Frameworks",
				);
				PRODUCT_BUNDLE_IDENTIFIER = com.example.FoodTrackerTests;
				PRODUCT_NAME = "$(TARGET_NAME)";
				SWIFT_VERSION = 5.0;
				TARGETED_DEVICE_FAMILY = "1,2";
				TEST_HOST = "$(BUILT_PRODUCTS_DIR)/FoodTracker.app/FoodTracker";
			};
			name = Release;
		};
/* End XCBuildConfiguration section */

/* Begin XCConfigurationList section */
		8E1C39B92447C2060028591B /* Build configuration list for PBXProject "FoodTracker" */ = {
			isa = XCConfigurationList;
			buildConfigurations = (
				8E1C39DB2447C20B0028591B /* Debug */,
				8E1C39DC2447C20B0028591B /* Release */,
			);
			defaultConfigurationIsVisible = 0;
			defaultConfigurationName = Release;
		};
		8E1C39DD2447C20B0028591B /* Build configuration list for PBXNativeTarget "FoodTracker" */ = {
			isa = XCConfigurationList;
			buildConfigurations = (
				8E1C39DE2447C20B0028591B /* Debug */,
				8E1C39DF2447C20B0028591B /* Release */,
			);
			defaultConfigurationIsVisible = 0;
			defaultConfigurationName = Release;
		};
		8E1C39E02447C20B0028591B /* Build configuration list for PBXNativeTarget "FoodTrackerTests" */ = {
			isa = XCConfigurationList;
			buildConfigurations = (
				8E1C39E12447C20B0028591B /* Debug */,
				8E1C39E22447C20B0028591B /* Release */,
			);
			defaultConfigurationIsVisible = 0;
			defaultConfigurationName = Release;
		};
/* End XCConfigurationList section */
	};
	rootObject = 8E1C39B62447C2060028591B /* Project object */;
}
